
Microsoft Visual Studio Solution File, Format Version 12.00
# Visual Studio Version 17
VisualStudioVersion = 17.11.35222.181
MinimumVisualStudioVersion = 10.0.40219.1
Project("{FAE04EC0-301F-11D3-BF4B-00C04F79EFBC}") = "AppDelizia", "AppDelizia\AppDelizia.csproj", "{EF7BF5FB-1150-4580-804A-58A4C3D1DBBD}"
EndProject
Project("{FAE04EC0-301F-11D3-BF4B-00C04F79EFBC}") = "ModeloUsuario", "ModeloUsuario\ModeloUsuario.csproj", "{20DC9A8F-70B9-4E7A-A600-DBE902A1AC47}"
EndProject
Global
	GlobalSection(SolutionConfigurationPlatforms) = preSolution
		Debug|Any CPU = Debug|Any CPU
		Release|Any CPU = Release|Any CPU
	EndGlobalSection
	GlobalSection(ProjectConfigurationPlatforms) = postSolution
		{EF7BF5FB-1150-4580-804A-58A4C3D1DBBD}.Debug|Any CPU.ActiveCfg = Debug|Any CPU
		{EF7BF5FB-1150-4580-804A-58A4C3D1DBBD}.Debug|Any CPU.Build.0 = Debug|Any CPU
		{EF7BF5FB-1150-4580-804A-58A4C3D1DBBD}.Release|Any CPU.ActiveCfg = Release|Any CPU
		{EF7BF5FB-1150-4580-804A-58A4C3D1DBBD}.Release|Any CPU.Build.0 = Release|Any CPU
		{20DC9A8F-70B9-4E7A-A600-DBE902A1AC47}.Debug|Any CPU.ActiveCfg = Debug|Any CPU
		{20DC9A8F-70B9-4E7A-A600-DBE902A1AC47}.Debug|Any CPU.Build.0 = Debug|Any CPU
		{20DC9A8F-70B9-4E7A-A600-DBE902A1AC47}.Release|Any CPU.ActiveCfg = Release|Any CPU
		{20DC9A8F-70B9-4E7A-A600-DBE902A1AC47}.Release|Any CPU.Build.0 = Release|Any CPU
	EndGlobalSection
	GlobalSection(SolutionProperties) = preSolution
		HideSolutionNode = FALSE
	EndGlobalSection
	GlobalSection(ExtensibilityGlobals) = postSolution
		SolutionGuid = {3A25F3B2-8D72-4B88-A7C0-7B3C1C1626F0}
	EndGlobalSection
EndGlobal
